
Microsoft Visual Studio Solution File, Format Version 12.00
# Visual Studio Version 17
VisualStudioVersion = 17.4.33103.184
MinimumVisualStudioVersion = 10.0.40219.1
Project("{8BC9CEB8-8B4A-11D0-8D11-00A0C91BC942}") = "8.haftafonksiyon", "8.haftafonksiyon\8.haftafonksiyon.vcxproj", "{3D72952D-39BA-4803-AC06-26709F2A6FC5}"
EndProject
Global
	GlobalSection(SolutionConfigurationPlatforms) = preSolution
		Debug|x64 = Debug|x64
		Debug|x86 = Debug|x86
		Release|x64 = Release|x64
		Release|x86 = Release|x86
	EndGlobalSection
	GlobalSection(ProjectConfigurationPlatforms) = postSolution
		{3D72952D-39BA-4803-AC06-26709F2A6FC5}.Debug|x64.ActiveCfg = Debug|x64
		{3D72952D-39BA-4803-AC06-26709F2A6FC5}.Debug|x64.Build.0 = Debug|x64
		{3D72952D-39BA-4803-AC06-26709F2A6FC5}.Debug|x86.ActiveCfg = Debug|Win32
		{3D72952D-39BA-4803-AC06-26709F2A6FC5}.Debug|x86.Build.0 = Debug|Win32
		{3D72952D-39BA-4803-AC06-26709F2A6FC5}.Release|x64.ActiveCfg = Release|x64
		{3D72952D-39BA-4803-AC06-26709F2A6FC5}.Release|x64.Build.0 = Release|x64
		{3D72952D-39BA-4803-AC06-26709F2A6FC5}.Release|x86.ActiveCfg = Release|Win32
		{3D72952D-39BA-4803-AC06-26709F2A6FC5}.Release|x86.Build.0 = Release|Win32
	EndGlobalSection
	GlobalSection(SolutionProperties) = preSolution
		HideSolutionNode = FALSE
	EndGlobalSection
	GlobalSection(ExtensibilityGlobals) = postSolution
		SolutionGuid = {7B128E3F-785A-47CB-B8E9-C8CC2BFA1461}
	EndGlobalSection
EndGlobal
